
Microsoft Visual Studio Solution File, Format Version 12.00
# Visual Studio Version 17
VisualStudioVersion = 17.11.35222.181
MinimumVisualStudioVersion = 10.0.40219.1
Project("{FAE04EC0-301F-11D3-BF4B-00C04F79EFBC}") = "AsyncAwaitSolution", "AsyncAwaitSolution\AsyncAwaitSolution.csproj", "{142C9A99-F40C-475B-94AB-8702EAD3B899}"
EndProject
Global
	GlobalSection(SolutionConfigurationPlatforms) = preSolution
		Debug|Any CPU = Debug|Any CPU
		Release|Any CPU = Release|Any CPU
	EndGlobalSection
	GlobalSection(ProjectConfigurationPlatforms) = postSolution
		{142C9A99-F40C-475B-94AB-8702EAD3B899}.Debug|Any CPU.ActiveCfg = Debug|Any CPU
		{142C9A99-F40C-475B-94AB-8702EAD3B899}.Debug|Any CPU.Build.0 = Debug|Any CPU
		{142C9A99-F40C-475B-94AB-8702EAD3B899}.Release|Any CPU.ActiveCfg = Release|Any CPU
		{142C9A99-F40C-475B-94AB-8702EAD3B899}.Release|Any CPU.Build.0 = Release|Any CPU
	EndGlobalSection
	GlobalSection(SolutionProperties) = preSolution
		HideSolutionNode = FALSE
	EndGlobalSection
	GlobalSection(ExtensibilityGlobals) = postSolution
		SolutionGuid = {918969BE-892F-49B6-A603-859635432EBA}
	EndGlobalSection
EndGlobal
